
Microsoft Visual Studio Solution File, Format Version 12.00
# Visual Studio Version 16
VisualStudioVersion = 16.0.31321.278
MinimumVisualStudioVersion = 10.0.40219.1
Project("{9A19103F-16F7-4668-BE54-9A1E7A4F7556}") = "uniqueValues", "uniqueValues\uniqueValues.csproj", "{D62FA1A9-3894-40E8-B3DD-E81F1ABAA5BE}"
EndProject
Project("{FAE04EC0-301F-11D3-BF4B-00C04F79EFBC}") = "uniqValueTests", "uniqValueTests\uniqValueTests.csproj", "{BA387067-90D0-48C9-A607-9E60D4AE70EA}"
EndProject
Global
	GlobalSection(SolutionConfigurationPlatforms) = preSolution
		Debug|Any CPU = Debug|Any CPU
		Release|Any CPU = Release|Any CPU
	EndGlobalSection
	GlobalSection(ProjectConfigurationPlatforms) = postSolution
		{D62FA1A9-3894-40E8-B3DD-E81F1ABAA5BE}.Debug|Any CPU.ActiveCfg = Debug|Any CPU
		{D62FA1A9-3894-40E8-B3DD-E81F1ABAA5BE}.Debug|Any CPU.Build.0 = Debug|Any CPU
		{D62FA1A9-3894-40E8-B3DD-E81F1ABAA5BE}.Release|Any CPU.ActiveCfg = Release|Any CPU
		{D62FA1A9-3894-40E8-B3DD-E81F1ABAA5BE}.Release|Any CPU.Build.0 = Release|Any CPU
		{BA387067-90D0-48C9-A607-9E60D4AE70EA}.Debug|Any CPU.ActiveCfg = Debug|Any CPU
		{BA387067-90D0-48C9-A607-9E60D4AE70EA}.Debug|Any CPU.Build.0 = Debug|Any CPU
		{BA387067-90D0-48C9-A607-9E60D4AE70EA}.Release|Any CPU.ActiveCfg = Release|Any CPU
		{BA387067-90D0-48C9-A607-9E60D4AE70EA}.Release|Any CPU.Build.0 = Release|Any CPU
	EndGlobalSection
	GlobalSection(SolutionProperties) = preSolution
		HideSolutionNode = FALSE
	EndGlobalSection
	GlobalSection(ExtensibilityGlobals) = postSolution
		SolutionGuid = {E42CED64-E381-4003-9344-311E27A01F96}
	EndGlobalSection
EndGlobal
